
Microsoft Visual Studio Solution File, Format Version 12.00
# Visual Studio Version 16
VisualStudioVersion = 16.0.29509.3
MinimumVisualStudioVersion = 10.0.40219.1
Project("{FAE04EC0-301F-11D3-BF4B-00C04F79EFBC}") = "Zza.Services", "Zza.Services\Zza.Services.csproj", "{28069FA6-5B23-45ED-B580-BC6BF91DBECD}"
EndProject
Project("{FAE04EC0-301F-11D3-BF4B-00C04F79EFBC}") = "Zza.Entities", "Zza.Entities\Zza.Entities.csproj", "{7F6AD264-5058-4B74-82D6-CBF8A592849F}"
EndProject
Global
	GlobalSection(SolutionConfigurationPlatforms) = preSolution
		Debug|Any CPU = Debug|Any CPU
		Release|Any CPU = Release|Any CPU
	EndGlobalSection
	GlobalSection(ProjectConfigurationPlatforms) = postSolution
		{28069FA6-5B23-45ED-B580-BC6BF91DBECD}.Debug|Any CPU.ActiveCfg = Debug|Any CPU
		{28069FA6-5B23-45ED-B580-BC6BF91DBECD}.Debug|Any CPU.Build.0 = Debug|Any CPU
		{28069FA6-5B23-45ED-B580-BC6BF91DBECD}.Release|Any CPU.ActiveCfg = Release|Any CPU
		{28069FA6-5B23-45ED-B580-BC6BF91DBECD}.Release|Any CPU.Build.0 = Release|Any CPU
		{7F6AD264-5058-4B74-82D6-CBF8A592849F}.Debug|Any CPU.ActiveCfg = Debug|Any CPU
		{7F6AD264-5058-4B74-82D6-CBF8A592849F}.Debug|Any CPU.Build.0 = Debug|Any CPU
		{7F6AD264-5058-4B74-82D6-CBF8A592849F}.Release|Any CPU.ActiveCfg = Release|Any CPU
		{7F6AD264-5058-4B74-82D6-CBF8A592849F}.Release|Any CPU.Build.0 = Release|Any CPU
	EndGlobalSection
	GlobalSection(SolutionProperties) = preSolution
		HideSolutionNode = FALSE
	EndGlobalSection
	GlobalSection(ExtensibilityGlobals) = postSolution
		SolutionGuid = {FC16FF6C-A505-4E81-AA88-EFE74BC5A7A0}
	EndGlobalSection
EndGlobal
